
Microsoft Visual Studio Solution File, Format Version 12.00
# Visual Studio 15
VisualStudioVersion = 15.0.26228.9
MinimumVisualStudioVersion = 10.0.40219.1
Project("{FAE04EC0-301F-11D3-BF4B-00C04F79EFBC}") = "BD2", "BD2\BD2.csproj", "{DB0705BE-8861-4059-BCDD-E7AD6B4F8409}"
EndProject
Global
	GlobalSection(SolutionConfigurationPlatforms) = preSolution
		Debug|Any CPU = Debug|Any CPU
		Release|Any CPU = Release|Any CPU
	EndGlobalSection
	GlobalSection(ProjectConfigurationPlatforms) = postSolution
		{DB0705BE-8861-4059-BCDD-E7AD6B4F8409}.Debug|Any CPU.ActiveCfg = Debug|Any CPU
		{DB0705BE-8861-4059-BCDD-E7AD6B4F8409}.Debug|Any CPU.Build.0 = Debug|Any CPU
		{DB0705BE-8861-4059-BCDD-E7AD6B4F8409}.Release|Any CPU.ActiveCfg = Release|Any CPU
		{DB0705BE-8861-4059-BCDD-E7AD6B4F8409}.Release|Any CPU.Build.0 = Release|Any CPU
	EndGlobalSection
	GlobalSection(SolutionProperties) = preSolution
		HideSolutionNode = FALSE
	EndGlobalSection
EndGlobal
